
Microsoft Visual Studio Solution File, Format Version 12.00
# Visual Studio Version 16
VisualStudioVersion = 16.0.30204.135
MinimumVisualStudioVersion = 10.0.40219.1
Project("{FAE04EC0-301F-11D3-BF4B-00C04F79EFBC}") = "Training", "Training\Training.csproj", "{F18901FC-D29E-44C7-B560-E435EBE3DC0A}"
EndProject
Global
	GlobalSection(SolutionConfigurationPlatforms) = preSolution
		Debug|Any CPU = Debug|Any CPU
		Release|Any CPU = Release|Any CPU
	EndGlobalSection
	GlobalSection(ProjectConfigurationPlatforms) = postSolution
		{F18901FC-D29E-44C7-B560-E435EBE3DC0A}.Debug|Any CPU.ActiveCfg = Debug|Any CPU
		{F18901FC-D29E-44C7-B560-E435EBE3DC0A}.Debug|Any CPU.Build.0 = Debug|Any CPU
		{F18901FC-D29E-44C7-B560-E435EBE3DC0A}.Release|Any CPU.ActiveCfg = Release|Any CPU
		{F18901FC-D29E-44C7-B560-E435EBE3DC0A}.Release|Any CPU.Build.0 = Release|Any CPU
	EndGlobalSection
	GlobalSection(SolutionProperties) = preSolution
		HideSolutionNode = FALSE
	EndGlobalSection
	GlobalSection(ExtensibilityGlobals) = postSolution
		SolutionGuid = {572487BC-FD1C-4A3E-851C-9B387F4BC3C0}
	EndGlobalSection
EndGlobal
